version = 1
revision = 3
requires-python = ">=3.13"

[[package]]
name = "faker"
version = "40.41.0"
source = { registry = "https://pypi.org/simple" }
dependencies = [
    { name = "tzdata", marker = "sys_platform == 'win32'" },
]
sdist = { url = "https://files.pythonhosted.org/packages/0c/f5/cf09c597bac1c2600e4f77200a7abb73e20fb2a542c11d0c557c1c4220f5/faker-40.41.0.tar.gz", hash = "sha256:5383e4ebba7061491530ae5952a33dcf8f161a250c89717fa0ac856602dcfaf3", size = 2031440, upload-time = "2026-10-05T22:08:14.767Z" }
wheels = [
    { url = "https://files.pythonhosted.org/packages/07/52/9ae853e8c70d6b77fe81b1563378d8ee49aa316cf19502a2e0bf1e4a873e/faker-40.41.0-py3-none-any.whl", hash = "sha256:35a7f66282990698c20c3e6dd57180900206b760c2f777112c085cc217e7de92", size = 2067633, upload-time = "2026-10-05T22:08:12.554Z" },
]

[[package]]
name = "s3uv1"
version = "0.1.0"
source = { editable = "." }
dependencies = [
    { name = "faker" },
]

[package.metadata]
requires-dist = [{ name = "faker", specifier = ">=40.37.0" }]

[[package]]
name = "tzdata"
version = "2026.5"
source = { registry = "https://pypi.org/simple" }
sdist = { url = "https://files.pythonhosted.org/packages/d9/68/f1b440335057bfce71b6e50a9d09445aa2ecbd08359a337976627b8409e7/tzdata-2026.5.tar.gz", hash = "sha256:8cc73c0a0bfca7dbfa59235d60b2eff82231dee33f53d206db1acd9173cfc0a7", size = 200404, upload-time = "2026-10-03T09:23:14.143Z" }
wheels = [
    { url = "https://files.pythonhosted.org/packages/94/21/1e5995a1c920cce14e4bffae20c665ec10e7ed03ab25e006cd741092b718/tzdata-2026.5-py2.py3-none-any.whl", hash = "sha256:b683bd1b6659ddcd810ff02ad09ba821d4bf1065072805063eb35c49617905ac", size = 347996, upload-time = "2026-10-03T09:23:12.535Z" },
]
